// !$*UTF8*$!
{
	archiveVersion = 1;
	classes = {
	};
	objectVersion = 46;
	objects = {

/* Begin PBXBuildFile section */
		C94966321A84AD36004D5305 /* FilePlayerViewController.m in Sources */ = {isa = PBXBuildFile; fileRef = C94966311A84AD36004D5305 /* FilePlayerViewController.m */; };
		C94966351A84AD51004D5305 /* BufferPlayerViewController.m in Sources */ = {isa = PBXBuildFile; fileRef = C94966341A84AD51004D5305 /* BufferPlayerViewController.m */; };
		C94966391A84DB98004D5305 /* loop.m4a in Resources */ = {isa = PBXBuildFile; fileRef = C94966381A84DB98004D5305 /* loop.m4a */; };
		C9B3A50D1A542551003AFAB5 /* main.m in Sources */ = {isa = PBXBuildFile; fileRef = C9B3A50C1A542551003AFAB5 /* main.m */; };
		C9B3A5101A542551003AFAB5 /* AppDelegate.m in Sources */ = {isa = PBXBuildFile; fileRef = C9B3A50F1A542551003AFAB5 /* AppDelegate.m */; };
		C9B3A5131A542551003AFAB5 /* ViewController.m in Sources */ = {isa = PBXBuildFile; fileRef = C9B3A5121A542551003AFAB5 /* ViewController.m */; };
		C9B3A5161A542551003AFAB5 /* Main.storyboard in Resources */ = {isa = PBXBuildFile; fileRef = C9B3A5141A542551003AFAB5 /* Main.storyboard */; };
		C9B3A5181A542551003AFAB5 /* Images.xcassets in Resources */ = {isa = PBXBuildFile; fileRef = C9B3A5171A542551003AFAB5 /* Images.xcassets */; };
		C9B3A51B1A542551003AFAB5 /* LaunchScreen.xib in Resources */ = {isa = PBXBuildFile; fileRef = C9B3A5191A542551003AFAB5 /* LaunchScreen.xib */; };
		C9B3A5271A542552003AFAB5 /* AVAudioPlayerNodeSampleTests.m in Sources */ = {isa = PBXBuildFile; fileRef = C9B3A5261A542552003AFAB5 /* AVAudioPlayerNodeSampleTests.m */; };
/* End PBXBuildFile section */

/* Begin PBXContainerItemProxy section */
		C9B3A5211A542551003AFAB5 /* PBXContainerItemProxy */ = {
			isa = PBXContainerItemProxy;
			containerPortal = C9B3A4FF1A542551003AFAB5 /* Project object */;
			proxyType = 1;
			remoteGlobalIDString = C9B3A5061A542551003AFAB5;
			remoteInfo = AVAudioPlayerNodeSample;
		};
/* End PBXContainerItemProxy section */

/* Begin PBXFileReference section */
		C94966301A84AD36004D5305 /* FilePlayerViewController.h */ = {isa = PBXFileReference; fileEncoding = 4; lastKnownFileType = sourcecode.c.h; path = FilePlayerViewController.h; sourceTree = "<group>"; };
		C94966311A84AD36004D5305 /* FilePlayerViewController.m */ = {isa = PBXFileReference; fileEncoding = 4; lastKnownFileType = sourcecode.c.objc; path = FilePlayerViewController.m; sourceTree = "<group>"; };
		C94966331A84AD51004D5305 /* BufferPlayerViewController.h */ = {isa = PBXFileReference; fileEncoding = 4; lastKnownFileType = sourcecode.c.h; path = BufferPlayerViewController.h; sourceTree = "<group>"; };
		C94966341A84AD51004D5305 /* BufferPlayerViewController.m */ = {isa = PBXFileReference; fileEncoding = 4; lastKnownFileType = sourcecode.c.objc; path = BufferPlayerViewController.m; sourceTree = "<group>"; };
		C94966381A84DB98004D5305 /* loop.m4a */ = {isa = PBXFileReference; lastKnownFileType = file; path = loop.m4a; sourceTree = "<group>"; };
		C9B3A5071A542551003AFAB5 /* AVAudioPlayerNodeSample.app */ = {isa = PBXFileReference; explicitFileType = wrapper.application; includeInIndex = 0; path = AVAudioPlayerNodeSample.app; sourceTree = BUILT_PRODUCTS_DIR; };
		C9B3A50B1A542551003AFAB5 /* Info.plist */ = {isa = PBXFileReference; lastKnownFileType = text.plist.xml; path = Info.plist; sourceTree = "<group>"; };
		C9B3A50C1A542551003AFAB5 /* main.m */ = {isa = PBXFileReference; lastKnownFileType = sourcecode.c.objc; path = main.m; sourceTree = "<group>"; };
		C9B3A50E1A542551003AFAB5 /* AppDelegate.h */ = {isa = PBXFileReference; lastKnownFileType = sourcecode.c.h; path = AppDelegate.h; sourceTree = "<group>"; };
		C9B3A50F1A542551003AFAB5 /* AppDelegate.m */ = {isa = PBXFileReference; lastKnownFileType = sourcecode.c.objc; path = AppDelegate.m; sourceTree = "<group>"; };
		C9B3A5111A542551003AFAB5 /* ViewController.h */ = {isa = PBXFileReference; lastKnownFileType = sourcecode.c.h; path = ViewController.h; sourceTree = "<group>"; };
		C9B3A5121A542551003AFAB5 /* ViewController.m */ = {isa = PBXFileReference; lastKnownFileType = sourcecode.c.objc; path = ViewController.m; sourceTree = "<group>"; };
		C9B3A5151A542551003AFAB5 /* Base */ = {isa = PBXFileReference; lastKnownFileType = file.storyboard; name = Base; path = Base.lproj/Main.storyboard; sourceTree = "<group>"; };
		C9B3A5171A542551003AFAB5 /* Images.xcassets */ = {isa = PBXFileReference; lastKnownFileType = folder.assetcatalog; path = Images.xcassets; sourceTree = "<group>"; };
		C9B3A51A1A542551003AFAB5 /* Base */ = {isa = PBXFileReference; lastKnownFileType = file.xib; name = Base; path = Base.lproj/LaunchScreen.xib; sourceTree = "<group>"; };
		C9B3A5201A542551003AFAB5 /* AVAudioPlayerNodeSampleTests.xctest */ = {isa = PBXFileReference; explicitFileType = wrapper.cfbundle; includeInIndex = 0; path = AVAudioPlayerNodeSampleTests.xctest; sourceTree = BUILT_PRODUCTS_DIR; };
		C9B3A5251A542552003AFAB5 /* Info.plist */ = {isa = PBXFileReference; lastKnownFileType = text.plist.xml; path = Info.plist; sourceTree = "<group>"; };
		C9B3A5261A542552003AFAB5 /* AVAudioPlayerNodeSampleTests.m */ = {isa = PBXFileReference; lastKnownFileType = sourcecode.c.objc; path = AVAudioPlayerNodeSampleTests.m; sourceTree = "<group>"; };
/* End PBXFileReference section */

/* Begin PBXFrameworksBuildPhase section */
		C9B3A5041A542551003AFAB5 /* Frameworks */ = {
			isa = PBXFrameworksBuildPhase;
			buildActionMask = 2147483647;
			files = (
			);
			runOnlyForDeploymentPostprocessing = 0;
		};
		C9B3A51D1A542551003AFAB5 /* Frameworks */ = {
			isa = PBXFrameworksBuildPhase;
			buildActionMask = 2147483647;
			files = (
			);
			runOnlyForDeploymentPostprocessing = 0;
		};
/* End PBXFrameworksBuildPhase section */

/* Begin PBXGroup section */
		C9B3A4FE1A542551003AFAB5 = {
			isa = PBXGroup;
			children = (
				C9B3A5091A542551003AFAB5 /* AVAudioPlayerNodeSample */,
				C9B3A5231A542552003AFAB5 /* AVAudioPlayerNodeSampleTests */,
				C9B3A5081A542551003AFAB5 /* Products */,
			);
			sourceTree = "<group>";
		};
		C9B3A5081A542551003AFAB5 /* Products */ = {
			isa = PBXGroup;
			children = (
				C9B3A5071A542551003AFAB5 /* AVAudioPlayerNodeSample.app */,
				C9B3A5201A542551003AFAB5 /* AVAudioPlayerNodeSampleTests.xctest */,
			);
			name = Products;
			sourceTree = "<group>";
		};
		C9B3A5091A542551003AFAB5 /* AVAudioPlayerNodeSample */ = {
			isa = PBXGroup;
			children = (
				C94966381A84DB98004D5305 /* loop.m4a */,
				C9B3A50E1A542551003AFAB5 /* AppDelegate.h */,
				C9B3A50F1A542551003AFAB5 /* AppDelegate.m */,
				C9B3A5111A542551003AFAB5 /* ViewController.h */,
				C9B3A5121A542551003AFAB5 /* ViewController.m */,
				C94966301A84AD36004D5305 /* FilePlayerViewController.h */,
				C94966311A84AD36004D5305 /* FilePlayerViewController.m */,
				C94966331A84AD51004D5305 /* BufferPlayerViewController.h */,
				C94966341A84AD51004D5305 /* BufferPlayerViewController.m */,
				C9B3A5141A542551003AFAB5 /* Main.storyboard */,
				C9B3A5171A542551003AFAB5 /* Images.xcassets */,
				C9B3A5191A542551003AFAB5 /* LaunchScreen.xib */,
				C9B3A50A1A542551003AFAB5 /* Supporting Files */,
			);
			path = AVAudioPlayerNodeSample;
			sourceTree = "<group>";
		};
		C9B3A50A1A542551003AFAB5 /* Supporting Files */ = {
			isa = PBXGroup;
			children = (
				C9B3A50B1A542551003AFAB5 /* Info.plist */,
				C9B3A50C1A542551003AFAB5 /* main.m */,
			);
			name = "Supporting Files";
			sourceTree = "<group>";
		};
		C9B3A5231A542552003AFAB5 /* AVAudioPlayerNodeSampleTests */ = {
			isa = PBXGroup;
			children = (
				C9B3A5261A542552003AFAB5 /* AVAudioPlayerNodeSampleTests.m */,
				C9B3A5241A542552003AFAB5 /* Supporting Files */,
			);
			path = AVAudioPlayerNodeSampleTests;
			sourceTree = "<group>";
		};
		C9B3A5241A542552003AFAB5 /* Supporting Files */ = {
			isa = PBXGroup;
			children = (
				C9B3A5251A542552003AFAB5 /* Info.plist */,
			);
			name = "Supporting Files";
			sourceTree = "<group>";
		};
/* End PBXGroup section */

/* Begin PBXNativeTarget section */
		C9B3A5061A542551003AFAB5 /* AVAudioPlayerNodeSample */ = {
			isa = PBXNativeTarget;
			buildConfigurationList = C9B3A52A1A542552003AFAB5 /* Build configuration list for PBXNativeTarget "AVAudioPlayerNodeSample" */;
			buildPhases = (
				C9B3A5031A542551003AFAB5 /* Sources */,
				C9B3A5041A542551003AFAB5 /* Frameworks */,
				C9B3A5051A542551003AFAB5 /* Resources */,
			);
			buildRules = (
			);
			dependencies = (
			);
			name = AVAudioPlayerNodeSample;
			productName = AVAudioPlayerNodeSample;
			productReference = C9B3A5071A542551003AFAB5 /* AVAudioPlayerNodeSample.app */;
			productType = "com.apple.product-type.application";
		};
		C9B3A51F1A542551003AFAB5 /* AVAudioPlayerNodeSampleTests */ = {
			isa = PBXNativeTarget;
			buildConfigurationList = C9B3A52D1A542552003AFAB5 /* Build configuration list for PBXNativeTarget "AVAudioPlayerNodeSampleTests" */;
			buildPhases = (
				C9B3A51C1A542551003AFAB5 /* Sources */,
				C9B3A51D1A542551003AFAB5 /* Frameworks */,
				C9B3A51E1A542551003AFAB5 /* Resources */,
			);
			buildRules = (
			);
			dependencies = (
				C9B3A5221A542551003AFAB5 /* PBXTargetDependency */,
			);
			name = AVAudioPlayerNodeSampleTests;
			productName = AVAudioPlayerNodeSampleTests;
			productReference = C9B3A5201A542551003AFAB5 /* AVAudioPlayerNodeSampleTests.xctest */;
			productType = "com.apple.product-type.bundle.unit-test";
		};
/* End PBXNativeTarget section */

/* Begin PBXProject section */
		C9B3A4FF1A542551003AFAB5 /* Project object */ = {
			isa = PBXProject;
			attributes = {
				LastUpgradeCheck = 0610;
				ORGANIZATIONNAME = "Shingo Hiraya";
				TargetAttributes = {
					C9B3A5061A542551003AFAB5 = {
						CreatedOnToolsVersion = 6.1;
					};
					C9B3A51F1A542551003AFAB5 = {
						CreatedOnToolsVersion = 6.1;
						TestTargetID = C9B3A5061A542551003AFAB5;
					};
				};
			};
			buildConfigurationList = C9B3A5021A542551003AFAB5 /* Build configuration list for PBXProject "AVAudioPlayerNodeSample" */;
			compatibilityVersion = "Xcode 3.2";
			developmentRegion = English;
			hasScannedForEncodings = 0;
			knownRegions = (
				en,
				Base,
			);
			mainGroup = C9B3A4FE1A542551003AFAB5;
			productRefGroup = C9B3A5081A542551003AFAB5 /* Products */;
			projectDirPath = "";
			projectRoot = "";
			targets = (
				C9B3A5061A542551003AFAB5 /* AVAudioPlayerNodeSample */,
				C9B3A51F1A542551003AFAB5 /* AVAudioPlayerNodeSampleTests */,
			);
		};
/* End PBXProject section */

/* Begin PBXResourcesBuildPhase section */
		C9B3A5051A542551003AFAB5 /* Resources */ = {
			isa = PBXResourcesBuildPhase;
			buildActionMask = 2147483647;
			files = (
				C9B3A5161A542551003AFAB5 /* Main.storyboard in Resources */,
				C9B3A51B1A542551003AFAB5 /* LaunchScreen.xib in Resources */,
				C94966391A84DB98004D5305 /* loop.m4a in Resources */,
				C9B3A5181A542551003AFAB5 /* Images.xcassets in Resources */,
			);
			runOnlyForDeploymentPostprocessing = 0;
		};
		C9B3A51E1A542551003AFAB5 /* Resources */ = {
			isa = PBXResourcesBuildPhase;
			buildActionMask = 2147483647;
			files = (
			);
			runOnlyForDeploymentPostprocessing = 0;
		};
/* End PBXResourcesBuildPhase section */

/* Begin PBXSourcesBuildPhase section */
		C9B3A5031A542551003AFAB5 /* Sources */ = {
			isa = PBXSourcesBuildPhase;
			buildActionMask = 2147483647;
			files = (
				C9B3A5131A542551003AFAB5 /* ViewController.m in Sources */,
				C94966321A84AD36004D5305 /* FilePlayerViewController.m in Sources */,
				C94966351A84AD51004D5305 /* BufferPlayerViewController.m in Sources */,
				C9B3A5101A542551003AFAB5 /* AppDelegate.m in Sources */,
				C9B3A50D1A542551003AFAB5 /* main.m in Sources */,
			);
			runOnlyForDeploymentPostprocessing = 0;
		};
		C9B3A51C1A542551003AFAB5 /* Sources */ = {
			isa = PBXSourcesBuildPhase;
			buildActionMask = 2147483647;
			files = (
				C9B3A5271A542552003AFAB5 /* AVAudioPlayerNodeSampleTests.m in Sources */,
			);
			runOnlyForDeploymentPostprocessing = 0;
		};
/* End PBXSourcesBuildPhase section */

/* Begin PBXTargetDependency section */
		C9B3A5221A542551003AFAB5 /* PBXTargetDependency */ = {
			isa = PBXTargetDependency;
			target = C9B3A5061A542551003AFAB5 /* AVAudioPlayerNodeSample */;
			targetProxy = C9B3A5211A542551003AFAB5 /* PBXContainerItemProxy */;
		};
/* End PBXTargetDependency section */

/* Begin PBXVariantGroup section */
		C9B3A5141A542551003AFAB5 /* Main.storyboard */ = {
			isa = PBXVariantGroup;
			children = (
				C9B3A5151A542551003AFAB5 /* Base */,
			);
			name = Main.storyboard;
			sourceTree = "<group>";
		};
		C9B3A5191A542551003AFAB5 /* LaunchScreen.xib */ = {
			isa = PBXVariantGroup;
			children = (
				C9B3A51A1A542551003AFAB5 /* Base */,
			);
			name = LaunchScreen.xib;
			sourceTree = "<group>";
		};
/* End PBXVariantGroup section */

/* Begin XCBuildConfiguration section */
		C9B3A5281A542552003AFAB5 /* Debug */ = {
			isa = XCBuildConfiguration;
			buildSettings = {
				ALWAYS_SEARCH_USER_PATHS = NO;
				CLANG_CXX_LANGUAGE_STANDARD = "gnu++0x";
				CLANG_CXX_LIBRARY = "libc++";
				CLANG_ENABLE_MODULES = YES;
				CLANG_ENABLE_OBJC_ARC = YES;
				CLANG_WARN_BOOL_CONVERSION = YES;
				CLANG_WARN_CONSTANT_CONVERSION = YES;
				CLANG_WARN_DIRECT_OBJC_ISA_USAGE = YES_ERROR;
				CLANG_WARN_EMPTY_BODY = YES;
				CLANG_WARN_ENUM_CONVERSION = YES;
				CLANG_WARN_INT_CONVERSION = YES;
				CLANG_WARN_OBJC_ROOT_CLASS = YES_ERROR;
				CLANG_WARN_UNREACHABLE_CODE = YES;
				CLANG_WARN__DUPLICATE_METHOD_MATCH = YES;
				"CODE_SIGN_IDENTITY[sdk=iphoneos*]" = "iPhone Developer";
				COPY_PHASE_STRIP = NO;
				ENABLE_STRICT_OBJC_MSGSEND = YES;
				GCC_C_LANGUAGE_STANDARD = gnu99;
				GCC_DYNAMIC_NO_PIC = NO;
				GCC_OPTIMIZATION_LEVEL = 0;
				GCC_PREPROCESSOR_DEFINITIONS = (
					"DEBUG=1",
					"$(inherited)",
				);
				GCC_SYMBOLS_PRIVATE_EXTERN = NO;
				GCC_WARN_64_TO_32_BIT_CONVERSION = YES;
				GCC_WARN_ABOUT_RETURN_TYPE = YES_ERROR;
				GCC_WARN_UNDECLARED_SELECTOR = YES;
				GCC_WARN_UNINITIALIZED_AUTOS = YES_AGGRESSIVE;
				GCC_WARN_UNUSED_FUNCTION = YES;
				GCC_WARN_UNUSED_VARIABLE = YES;
				IPHONEOS_DEPLOYMENT_TARGET = 8.1;
				MTL_ENABLE_DEBUG_INFO = YES;
				ONLY_ACTIVE_ARCH = YES;
				SDKROOT = iphoneos;
			};
			name = Debug;
		};
		C9B3A5291A542552003AFAB5 /* Release */ = {
			isa = XCBuildConfiguration;
			buildSettings = {
				ALWAYS_SEARCH_USER_PATHS = NO;
				CLANG_CXX_LANGUAGE_STANDARD = "gnu++0x";
				CLANG_CXX_LIBRARY = "libc++";
				CLANG_ENABLE_MODULES = YES;
				CLANG_ENABLE_OBJC_ARC = YES;
				CLANG_WARN_BOOL_CONVERSION = YES;
				CLANG_WARN_CONSTANT_CONVERSION = YES;
				CLANG_WARN_DIRECT_OBJC_ISA_USAGE = YES_ERROR;
				CLANG_WARN_EMPTY_BODY = YES;
				CLANG_WARN_ENUM_CONVERSION = YES;
				CLANG_WARN_INT_CONVERSION = YES;
				CLANG_WARN_OBJC_ROOT_CLASS = YES_ERROR;
				CLANG_WARN_UNREACHABLE_CODE = YES;
				CLANG_WARN__DUPLICATE_METHOD_MATCH = YES;
				"CODE_SIGN_IDENTITY[sdk=iphoneos*]" = "iPhone Developer";
				COPY_PHASE_STRIP = YES;
				ENABLE_NS_ASSERTIONS = NO;
				ENABLE_STRICT_OBJC_MSGSEND = YES;
				GCC_C_LANGUAGE_STANDARD = gnu99;
				GCC_WARN_64_TO_32_BIT_CONVERSION = YES;
				GCC_WARN_ABOUT_RETURN_TYPE = YES_ERROR;
				GCC_WARN_UNDECLARED_SELECTOR = YES;
				GCC_WARN_UNINITIALIZED_AUTOS = YES_AGGRESSIVE;
				GCC_WARN_UNUSED_FUNCTION = YES;
				GCC_WARN_UNUSED_VARIABLE = YES;
				IPHONEOS_DEPLOYMENT_TARGET = 8.1;
				MTL_ENABLE_DEBUG_INFO = NO;
				SDKROOT = iphoneos;
				VALIDATE_PRODUCT = YES;
			};
			name = Release;
		};
		C9B3A52B1A542552003AFAB5 /* Debug */ = {
			isa = XCBuildConfiguration;
			buildSettings = {
				ASSETCATALOG_COMPILER_APPICON_NAME = AppIcon;
				INFOPLIST_FILE = AVAudioPlayerNodeSample/Info.plist;
				LD_RUNPATH_SEARCH_PATHS = "$(inherited) @executable_path/Frameworks";
				PRODUCT_NAME = "$(TARGET_NAME)";
			};
			name = Debug;
		};
		C9B3A52C1A542552003AFAB5 /* Release */ = {
			isa = XCBuildConfiguration;
			buildSettings = {
				ASSETCATALOG_COMPILER_APPICON_NAME = AppIcon;
				INFOPLIST_FILE = AVAudioPlayerNodeSample/Info.plist;
				LD_RUNPATH_SEARCH_PATHS = "$(inherited) @executable_path/Frameworks";
				PRODUCT_NAME = "$(TARGET_NAME)";
			};
			name = Release;
		};
		C9B3A52E1A542552003AFAB5 /* Debug */ = {
			isa = XCBuildConfiguration;
			buildSettings = {
				BUNDLE_LOADER = "$(TEST_HOST)";
				FRAMEWORK_SEARCH_PATHS = (
					"$(SDKROOT)/Developer/Library/Frameworks",
					"$(inherited)",
				);
				GCC_PREPROCESSOR_DEFINITIONS = (
					"DEBUG=1",
					"$(inherited)",
				);
				INFOPLIST_FILE = AVAudioPlayerNodeSampleTests/Info.plist;
				LD_RUNPATH_SEARCH_PATHS = "$(inherited) @executable_path/Frameworks @loader_path/Frameworks";
				PRODUCT_NAME = "$(TARGET_NAME)";
				TEST_HOST = "$(BUILT_PRODUCTS_DIR)/AVAudioPlayerNodeSample.app/AVAudioPlayerNodeSample";
			};
			name = Debug;
		};
		C9B3A52F1A542552003AFAB5 /* Release */ = {
			isa = XCBuildConfiguration;
			buildSettings = {
				BUNDLE_LOADER = "$(TEST_HOST)";
				FRAMEWORK_SEARCH_PATHS = (
					"$(SDKROOT)/Developer/Library/Frameworks",
					"$(inherited)",
				);
				INFOPLIST_FILE = AVAudioPlayerNodeSampleTests/Info.plist;
				LD_RUNPATH_SEARCH_PATHS = "$(inherited) @executable_path/Frameworks @loader_path/Frameworks";
				PRODUCT_NAME = "$(TARGET_NAME)";
				TEST_HOST = "$(BUILT_PRODUCTS_DIR)/AVAudioPlayerNodeSample.app/AVAudioPlayerNodeSample";
			};
			name = Release;
		};
/* End XCBuildConfiguration section */

/* Begin XCConfigurationList section */
		C9B3A5021A542551003AFAB5 /* Build configuration list for PBXProject "AVAudioPlayerNodeSample" */ = {
			isa = XCConfigurationList;
			buildConfigurations = (
				C9B3A5281A542552003AFAB5 /* Debug */,
				C9B3A5291A542552003AFAB5 /* Release */,
			);
			defaultConfigurationIsVisible = 0;
			defaultConfigurationName = Release;
		};
		C9B3A52A1A542552003AFAB5 /* Build configuration list for PBXNativeTarget "AVAudioPlayerNodeSample" */ = {
			isa = XCConfigurationList;
			buildConfigurations = (
				C9B3A52B1A542552003AFAB5 /* Debug */,
				C9B3A52C1A542552003AFAB5 /* Release */,
			);
			defaultConfigurationIsVisible = 0;
			defaultConfigurationName = Release;
		};
		C9B3A52D1A542552003AFAB5 /* Build configuration list for PBXNativeTarget "AVAudioPlayerNodeSampleTests" */ = {
			isa = XCConfigurationList;
			buildConfigurations = (
				C9B3A52E1A542552003AFAB5 /* Debug */,
				C9B3A52F1A542552003AFAB5 /* Release */,
			);
			defaultConfigurationIsVisible = 0;
			defaultConfigurationName = Release;
		};
/* End XCConfigurationList section */
	};
	rootObject = C9B3A4FF1A542551003AFAB5 /* Project object */;
}
